
Microsoft Visual Studio Solution File, Format Version 12.00
# Visual Studio Version 16
VisualStudioVersion = 16.0.31410.357
MinimumVisualStudioVersion = 10.0.40219.1
Project("{9A19103F-16F7-4668-BE54-9A1E7A4F7556}") = "TaskSolution", "TaskSolution\TaskSolution.csproj", "{18E58E1D-CF51-4FAB-AE09-EF751D9DEDC8}"
EndProject
Project("{FAE04EC0-301F-11D3-BF4B-00C04F79EFBC}") = "TaskSolution.Tests", "TaskSolution.Tests\TaskSolution.Tests.csproj", "{019528BD-733E-4BF5-A10C-B431E4265FF6}"
EndProject
Global
	GlobalSection(SolutionConfigurationPlatforms) = preSolution
		Debug|Any CPU = Debug|Any CPU
		Release|Any CPU = Release|Any CPU
	EndGlobalSection
	GlobalSection(ProjectConfigurationPlatforms) = postSolution
		{18E58E1D-CF51-4FAB-AE09-EF751D9DEDC8}.Debug|Any CPU.ActiveCfg = Debug|Any CPU
		{18E58E1D-CF51-4FAB-AE09-EF751D9DEDC8}.Debug|Any CPU.Build.0 = Debug|Any CPU
		{18E58E1D-CF51-4FAB-AE09-EF751D9DEDC8}.Release|Any CPU.ActiveCfg = Release|Any CPU
		{18E58E1D-CF51-4FAB-AE09-EF751D9DEDC8}.Release|Any CPU.Build.0 = Release|Any CPU
		{019528BD-733E-4BF5-A10C-B431E4265FF6}.Debug|Any CPU.ActiveCfg = Debug|Any CPU
		{019528BD-733E-4BF5-A10C-B431E4265FF6}.Debug|Any CPU.Build.0 = Debug|Any CPU
		{019528BD-733E-4BF5-A10C-B431E4265FF6}.Release|Any CPU.ActiveCfg = Release|Any CPU
		{019528BD-733E-4BF5-A10C-B431E4265FF6}.Release|Any CPU.Build.0 = Release|Any CPU
	EndGlobalSection
	GlobalSection(SolutionProperties) = preSolution
		HideSolutionNode = FALSE
	EndGlobalSection
	GlobalSection(ExtensibilityGlobals) = postSolution
		SolutionGuid = {7DAE3096-CAA2-4F27-A2F1-938CD48907D5}
	EndGlobalSection
EndGlobal
